{
  "version": "3",
  "packages": {
    "specifiers": {
      "jsr:@fartlabs/rt@^0.0.3": "jsr:@fartlabs/rt@0.0.3",
      "npm:@orama/orama@^2.0.21": "npm:@orama/orama@2.0.21"
    },
    "jsr": {
      "@fartlabs/rt@0.0.3": {
        "integrity": "a94851f8a185f64b884120bb1d53fb203b62e8f98a27879ffa615560ef6ba806"
      }
    },
    "npm": {
      "@orama/orama@2.0.21": {
        "integrity": "sha512-XZpyjyNw4Mcpg94+gUvxmyyiFTZAdXvJ1aFPqHABarofu86oNwZL5tQUIj84xa1lrQiaeSxNKNBw0w4y5We5Yg==",
        "dependencies": {}
      }
    }
  },
  "remote": {},
  "workspace": {
    "dependencies": [
      "jsr:@fartlabs/rt@^0.0.3",
      "npm:@orama/orama@^2.0.21"
    ]
  }
}
